
Microsoft Visual Studio Solution File, Format Version 12.00
# Visual Studio Version 16
VisualStudioVersion = 16.0.29123.88
MinimumVisualStudioVersion = 10.0.40219.1
Project("{8BC9CEB8-8B4A-11D0-8D11-00A0C91BC942}") = "RegistradorDeTiempo", "RegistradorDeTiempo\RegistradorDeTiempo.vcxproj", "{AE0F53AC-CCE9-46F4-9B30-7FC72AAFE3FD}"
EndProject
Global
	GlobalSection(SolutionConfigurationPlatforms) = preSolution
		Debug|x64 = Debug|x64
		Debug|x86 = Debug|x86
		Release|x64 = Release|x64
		Release|x86 = Release|x86
	EndGlobalSection
	GlobalSection(ProjectConfigurationPlatforms) = postSolution
		{AE0F53AC-CCE9-46F4-9B30-7FC72AAFE3FD}.Debug|x64.ActiveCfg = Debug|x64
		{AE0F53AC-CCE9-46F4-9B30-7FC72AAFE3FD}.Debug|x64.Build.0 = Debug|x64
		{AE0F53AC-CCE9-46F4-9B30-7FC72AAFE3FD}.Debug|x86.ActiveCfg = Debug|Win32
		{AE0F53AC-CCE9-46F4-9B30-7FC72AAFE3FD}.Debug|x86.Build.0 = Debug|Win32
		{AE0F53AC-CCE9-46F4-9B30-7FC72AAFE3FD}.Release|x64.ActiveCfg = Release|x64
		{AE0F53AC-CCE9-46F4-9B30-7FC72AAFE3FD}.Release|x64.Build.0 = Release|x64
		{AE0F53AC-CCE9-46F4-9B30-7FC72AAFE3FD}.Release|x86.ActiveCfg = Release|Win32
		{AE0F53AC-CCE9-46F4-9B30-7FC72AAFE3FD}.Release|x86.Build.0 = Release|Win32
	EndGlobalSection
	GlobalSection(SolutionProperties) = preSolution
		HideSolutionNode = FALSE
	EndGlobalSection
	GlobalSection(ExtensibilityGlobals) = postSolution
		SolutionGuid = {093128AA-36A5-422E-9DC3-8C09BDCE1957}
	EndGlobalSection
EndGlobal
